{
    "name": "openweathermap-api",
    "version": "0.1.0",
    "lockfileVersion": 2,
    "requires": true,
    "packages": {
        "": {
            "name": "openweathermap-api",
            "version": "0.1.0",
            "license": "ISC",
            "dependencies": {
                "luxon": "^2.0.1",
                "node-fetch": "^2.6.1"
            }
        },
        "node_modules/luxon": {
            "version": "2.0.1",
            "resolved": "https://registry.npmjs.org/luxon/-/luxon-2.0.1.tgz",
            "integrity": "sha512-8Eawf81c9ZlQj62W3eq4mp+C7SAIAnmaS7ZuEAiX503YMcn+0C1JnMQRtfaQj6B5qTZLgHv0F4H5WabBCvi1fw==",
            "engines": {
                "node": "*"
            }
        },
        "node_modules/node-fetch": {
            "version": "2.6.1",
            "resolved": "https://registry.npmjs.org/node-fetch/-/node-fetch-2.6.1.tgz",
            "integrity": "sha512-V4aYg89jEoVRxRb2fJdAg8FHvI7cEyYdVAh94HH0UIK8oJxUfkjlDQN9RbMx+bEjP7+ggMiFRprSti032Oipxw==",
            "engines": {
                "node": "4.x || >=6.0.0"
            }
        }
    },
    "dependencies": {
        "luxon": {
            "version": "2.0.1",
            "resolved": "https://registry.npmjs.org/luxon/-/luxon-2.0.1.tgz",
            "integrity": "sha512-8Eawf81c9ZlQj62W3eq4mp+C7SAIAnmaS7ZuEAiX503YMcn+0C1JnMQRtfaQj6B5qTZLgHv0F4H5WabBCvi1fw=="
        },
        "node-fetch": {
            "version": "2.6.1",
            "resolved": "https://registry.npmjs.org/node-fetch/-/node-fetch-2.6.1.tgz",
            "integrity": "sha512-V4aYg89jEoVRxRb2fJdAg8FHvI7cEyYdVAh94HH0UIK8oJxUfkjlDQN9RbMx+bEjP7+ggMiFRprSti032Oipxw=="
        }
    }
}
